# This file is automatically @generated by Poetry 2.0.0 and should not be changed by hand.

[[package]]
name = "sdbus"
version = "0.13.0"
description = "Modern Python D-Bus library. Based on sd-bus from libsystemd."
optional = false
python-versions = ">=3.7"
groups = ["main"]
files = [
    {file = "sdbus-0.13.0-cp37-abi3-manylinux_2_17_aarch64.manylinux2014_aarch64.whl", hash = "sha256:fcc88e70e76723234fd0987edccbcc3fe5f4e99245eb30a6b362ef7f882fd8a3"},
    {file = "sdbus-0.13.0-cp37-abi3-manylinux_2_17_x86_64.manylinux2014_x86_64.whl", hash = "sha256:199a4c321fc5b4cded57a110f82625f6541909c40e733f574d12afc5ace149a7"},
    {file = "sdbus-0.13.0.tar.gz", hash = "sha256:801bd46608ee82614d42960c8ba8ae9300edb1bf5bbeb534bc8fd21f13d2c20e"},
]

[metadata]
lock-version = "2.1"
python-versions = ">=3.7,<4.0"
content-hash = "f71596a2c86a9000c2d7ccc86ffa28f84ffde0693f6d5b29c5926936205170bf"
